{
  "name": "hand",
  "version": "1.0.0",
  "lockfileVersion": 1,
  "requires": true,
  "dependencies": {
    "electron-github": {
      "version": "1.0.0",
      "resolved": "https://registry.npmjs.org/electron-github/-/electron-github-1.0.0.tgz",
      "integrity": "sha512-XKQCrvdgPsS2HwS4gxIo1Ygsi+1h8i3JXDy43RLl0qQsC+j5iL/3Grf2giE09L4ADFPIyNTFMBvUFBZYBJxpuw=="
    },
    "python-shell": {
      "version": "1.0.7",
      "resolved": "https://registry.npmjs.org/python-shell/-/python-shell-1.0.7.tgz",
      "integrity": "sha512-k6s27Uj5WEAxFLRKLFUvlDCm1GpkmAQ4vg9CASgqwbHqAM1d1x3nh3bzlBKgmRwNDeLlu0DP41CqwRZn1DKtuA=="
    }
  }
}
